
Microsoft Visual Studio Solution File, Format Version 12.00
# Visual Studio Version 16
VisualStudioVersion = 16.0.31911.196
MinimumVisualStudioVersion = 10.0.40219.1
Project("{FAE04EC0-301F-11D3-BF4B-00C04F79EFBC}") = "CurrencyTransactions", "dövizAlimSatim\CurrencyTransactions.csproj", "{CA33B03A-EEC4-42C2-991D-24EA73305EB4}"
EndProject
Project("{9A19103F-16F7-4668-BE54-9A1E7A4F7556}") = "Api", "Api\Api.csproj", "{89A9D062-0AF9-4790-8456-2571032FE251}"
EndProject
Project("{FAE04EC0-301F-11D3-BF4B-00C04F79EFBC}") = "BL", "BL\BL.csproj", "{C2DC6E7A-F5FD-4E48-B9B1-46D0FFEB53F2}"
EndProject
Project("{FAE04EC0-301F-11D3-BF4B-00C04F79EFBC}") = "Domain", "Domain\Domain.csproj", "{B455BD9B-D213-4DAD-99AE-70BC6C617DE7}"
EndProject
Project("{FAE04EC0-301F-11D3-BF4B-00C04F79EFBC}") = "DAL", "DAL\DAL.csproj", "{E23D2AB0-54D5-4379-84AA-37A14F21A7CB}"
EndProject
Global
	GlobalSection(SolutionConfigurationPlatforms) = preSolution
		Debug|Any CPU = Debug|Any CPU
		Release|Any CPU = Release|Any CPU
	EndGlobalSection
	GlobalSection(ProjectConfigurationPlatforms) = postSolution
		{CA33B03A-EEC4-42C2-991D-24EA73305EB4}.Debug|Any CPU.ActiveCfg = Debug|Any CPU
		{CA33B03A-EEC4-42C2-991D-24EA73305EB4}.Debug|Any CPU.Build.0 = Debug|Any CPU
		{CA33B03A-EEC4-42C2-991D-24EA73305EB4}.Release|Any CPU.ActiveCfg = Release|Any CPU
		{CA33B03A-EEC4-42C2-991D-24EA73305EB4}.Release|Any CPU.Build.0 = Release|Any CPU
		{89A9D062-0AF9-4790-8456-2571032FE251}.Debug|Any CPU.ActiveCfg = Debug|Any CPU
		{89A9D062-0AF9-4790-8456-2571032FE251}.Debug|Any CPU.Build.0 = Debug|Any CPU
		{89A9D062-0AF9-4790-8456-2571032FE251}.Release|Any CPU.ActiveCfg = Release|Any CPU
		{89A9D062-0AF9-4790-8456-2571032FE251}.Release|Any CPU.Build.0 = Release|Any CPU
		{C2DC6E7A-F5FD-4E48-B9B1-46D0FFEB53F2}.Debug|Any CPU.ActiveCfg = Debug|Any CPU
		{C2DC6E7A-F5FD-4E48-B9B1-46D0FFEB53F2}.Debug|Any CPU.Build.0 = Debug|Any CPU
		{C2DC6E7A-F5FD-4E48-B9B1-46D0FFEB53F2}.Release|Any CPU.ActiveCfg = Release|Any CPU
		{C2DC6E7A-F5FD-4E48-B9B1-46D0FFEB53F2}.Release|Any CPU.Build.0 = Release|Any CPU
		{B455BD9B-D213-4DAD-99AE-70BC6C617DE7}.Debug|Any CPU.ActiveCfg = Debug|Any CPU
		{B455BD9B-D213-4DAD-99AE-70BC6C617DE7}.Debug|Any CPU.Build.0 = Debug|Any CPU
		{B455BD9B-D213-4DAD-99AE-70BC6C617DE7}.Release|Any CPU.ActiveCfg = Release|Any CPU
		{B455BD9B-D213-4DAD-99AE-70BC6C617DE7}.Release|Any CPU.Build.0 = Release|Any CPU
		{E23D2AB0-54D5-4379-84AA-37A14F21A7CB}.Debug|Any CPU.ActiveCfg = Debug|Any CPU
		{E23D2AB0-54D5-4379-84AA-37A14F21A7CB}.Debug|Any CPU.Build.0 = Debug|Any CPU
		{E23D2AB0-54D5-4379-84AA-37A14F21A7CB}.Release|Any CPU.ActiveCfg = Release|Any CPU
		{E23D2AB0-54D5-4379-84AA-37A14F21A7CB}.Release|Any CPU.Build.0 = Release|Any CPU
	EndGlobalSection
	GlobalSection(SolutionProperties) = preSolution
		HideSolutionNode = FALSE
	EndGlobalSection
	GlobalSection(ExtensibilityGlobals) = postSolution
		SolutionGuid = {A607BACD-7844-482E-829D-D57879F1BD74}
	EndGlobalSection
EndGlobal
